{
  "name": "custom-event-with-subscribers-decorators",
  "version": "1.0.0",
  "lockfileVersion": 2,
  "requires": true,
  "packages": {
    "": {
      "name": "custom-event-with-subscribers-decorators",
      "version": "1.0.0",
      "license": "ISC",
      "dependencies": {
        "custom-event-with-subscribers": "^1.2.2",
        "typescript": "^4.9.3"
      }
    },
    "node_modules/custom-event-with-subscribers": {
      "version": "1.2.2",
      "resolved": "https://registry.npmjs.org/custom-event-with-subscribers/-/custom-event-with-subscribers-1.2.2.tgz",
      "integrity": "sha512-xUlrioguPMECa7Nac94OZoUrv9CSmOhGfUKFO1aFLqwuW7MRZ40JvJwQk39QA4AeIFV/9NF8rLbPpJ5XRK2ZKA=="
    },
    "node_modules/typescript": {
      "version": "4.9.3",
      "resolved": "https://registry.npmjs.org/typescript/-/typescript-4.9.3.tgz",
      "integrity": "sha512-CIfGzTelbKNEnLpLdGFgdyKhG23CKdKgQPOBc+OUNrkJ2vr+KSzsSV5kq5iWhEQbok+quxgGzrAtGWCyU7tHnA==",
      "bin": {
        "tsc": "bin/tsc",
        "tsserver": "bin/tsserver"
      },
      "engines": {
        "node": ">=4.2.0"
      }
    }
  },
  "dependencies": {
    "custom-event-with-subscribers": {
      "version": "1.2.2",
      "resolved": "https://registry.npmjs.org/custom-event-with-subscribers/-/custom-event-with-subscribers-1.2.2.tgz",
      "integrity": "sha512-xUlrioguPMECa7Nac94OZoUrv9CSmOhGfUKFO1aFLqwuW7MRZ40JvJwQk39QA4AeIFV/9NF8rLbPpJ5XRK2ZKA=="
    },
    "typescript": {
      "version": "4.9.3",
      "resolved": "https://registry.npmjs.org/typescript/-/typescript-4.9.3.tgz",
      "integrity": "sha512-CIfGzTelbKNEnLpLdGFgdyKhG23CKdKgQPOBc+OUNrkJ2vr+KSzsSV5kq5iWhEQbok+quxgGzrAtGWCyU7tHnA=="
    }
  }
}
